// !$*UTF8*$!
{
	archiveVersion = 1;
	classes = {
	};
	objectVersion = 55;
	objects = {

/* Begin PBXBuildFile section */
		CF4B295226FB74CE00C22B8C /* MXSound.framework in Frameworks */ = {isa = PBXBuildFile; fileRef = CF4B294926FB74CD00C22B8C /* MXSound.framework */; };
		CF4B295726FB74CE00C22B8C /* MXSoundTests.swift in Sources */ = {isa = PBXBuildFile; fileRef = CF4B295626FB74CE00C22B8C /* MXSoundTests.swift */; };
		CF4B295826FB74CE00C22B8C /* MXSound.h in Headers */ = {isa = PBXBuildFile; fileRef = CF4B294C26FB74CD00C22B8C /* MXSound.h */; settings = {ATTRIBUTES = (Public, ); }; };
		CF4B296B26FB74D800C22B8C /* MXSound.swift in Sources */ = {isa = PBXBuildFile; fileRef = CF4B296A26FB74D800C22B8C /* MXSound.swift */; };
/* End PBXBuildFile section */

/* Begin PBXContainerItemProxy section */
		CF4B295326FB74CE00C22B8C /* PBXContainerItemProxy */ = {
			isa = PBXContainerItemProxy;
			containerPortal = CF4B294026FB74CD00C22B8C /* Project object */;
			proxyType = 1;
			remoteGlobalIDString = CF4B294826FB74CD00C22B8C;
			remoteInfo = MXSound;
		};
/* End PBXContainerItemProxy section */

/* Begin PBXFileReference section */
		CF4B294926FB74CD00C22B8C /* MXSound.framework */ = {isa = PBXFileReference; explicitFileType = wrapper.framework; includeInIndex = 0; path = MXSound.framework; sourceTree = BUILT_PRODUCTS_DIR; };
		CF4B294C26FB74CD00C22B8C /* MXSound.h */ = {isa = PBXFileReference; lastKnownFileType = sourcecode.c.h; path = MXSound.h; sourceTree = "<group>"; };
		CF4B295126FB74CE00C22B8C /* MXSoundTests.xctest */ = {isa = PBXFileReference; explicitFileType = wrapper.cfbundle; includeInIndex = 0; path = MXSoundTests.xctest; sourceTree = BUILT_PRODUCTS_DIR; };
		CF4B295626FB74CE00C22B8C /* MXSoundTests.swift */ = {isa = PBXFileReference; lastKnownFileType = sourcecode.swift; path = MXSoundTests.swift; sourceTree = "<group>"; };
		CF4B296A26FB74D800C22B8C /* MXSound.swift */ = {isa = PBXFileReference; lastKnownFileType = sourcecode.swift; path = MXSound.swift; sourceTree = "<group>"; };
/* End PBXFileReference section */

/* Begin PBXFrameworksBuildPhase section */
		CF4B294626FB74CD00C22B8C /* Frameworks */ = {
			isa = PBXFrameworksBuildPhase;
			buildActionMask = 2147483647;
			files = (
			);
			runOnlyForDeploymentPostprocessing = 0;
		};
		CF4B294E26FB74CE00C22B8C /* Frameworks */ = {
			isa = PBXFrameworksBuildPhase;
			buildActionMask = 2147483647;
			files = (
				CF4B295226FB74CE00C22B8C /* MXSound.framework in Frameworks */,
			);
			runOnlyForDeploymentPostprocessing = 0;
		};
/* End PBXFrameworksBuildPhase section */

/* Begin PBXGroup section */
		CF4B293F26FB74CD00C22B8C = {
			isa = PBXGroup;
			children = (
				CF4B294B26FB74CD00C22B8C /* MXSound */,
				CF4B295526FB74CE00C22B8C /* MXSoundTests */,
				CF4B294A26FB74CD00C22B8C /* Products */,
			);
			sourceTree = "<group>";
		};
		CF4B294A26FB74CD00C22B8C /* Products */ = {
			isa = PBXGroup;
			children = (
				CF4B294926FB74CD00C22B8C /* MXSound.framework */,
				CF4B295126FB74CE00C22B8C /* MXSoundTests.xctest */,
			);
			name = Products;
			sourceTree = "<group>";
		};
		CF4B294B26FB74CD00C22B8C /* MXSound */ = {
			isa = PBXGroup;
			children = (
				CF4B294C26FB74CD00C22B8C /* MXSound.h */,
				CF4B296A26FB74D800C22B8C /* MXSound.swift */,
			);
			path = MXSound;
			sourceTree = "<group>";
		};
		CF4B295526FB74CE00C22B8C /* MXSoundTests */ = {
			isa = PBXGroup;
			children = (
				CF4B295626FB74CE00C22B8C /* MXSoundTests.swift */,
			);
			path = MXSoundTests;
			sourceTree = "<group>";
		};
/* End PBXGroup section */

/* Begin PBXHeadersBuildPhase section */
		CF4B294426FB74CD00C22B8C /* Headers */ = {
			isa = PBXHeadersBuildPhase;
			buildActionMask = 2147483647;
			files = (
				CF4B295826FB74CE00C22B8C /* MXSound.h in Headers */,
			);
			runOnlyForDeploymentPostprocessing = 0;
		};
/* End PBXHeadersBuildPhase section */

/* Begin PBXNativeTarget section */
		CF4B294826FB74CD00C22B8C /* MXSound */ = {
			isa = PBXNativeTarget;
			buildConfigurationList = CF4B295B26FB74CE00C22B8C /* Build configuration list for PBXNativeTarget "MXSound" */;
			buildPhases = (
				CF4B294426FB74CD00C22B8C /* Headers */,
				CF4B294526FB74CD00C22B8C /* Sources */,
				CF4B294626FB74CD00C22B8C /* Frameworks */,
				CF4B294726FB74CD00C22B8C /* Resources */,
			);
			buildRules = (
			);
			dependencies = (
			);
			name = MXSound;
			productName = MXSound;
			productReference = CF4B294926FB74CD00C22B8C /* MXSound.framework */;
			productType = "com.apple.product-type.framework";
		};
		CF4B295026FB74CE00C22B8C /* MXSoundTests */ = {
			isa = PBXNativeTarget;
			buildConfigurationList = CF4B295E26FB74CE00C22B8C /* Build configuration list for PBXNativeTarget "MXSoundTests" */;
			buildPhases = (
				CF4B294D26FB74CE00C22B8C /* Sources */,
				CF4B294E26FB74CE00C22B8C /* Frameworks */,
				CF4B294F26FB74CE00C22B8C /* Resources */,
			);
			buildRules = (
			);
			dependencies = (
				CF4B295426FB74CE00C22B8C /* PBXTargetDependency */,
			);
			name = MXSoundTests;
			productName = MXSoundTests;
			productReference = CF4B295126FB74CE00C22B8C /* MXSoundTests.xctest */;
			productType = "com.apple.product-type.bundle.unit-test";
		};
/* End PBXNativeTarget section */

/* Begin PBXProject section */
		CF4B294026FB74CD00C22B8C /* Project object */ = {
			isa = PBXProject;
			attributes = {
				BuildIndependentTargetsInParallel = 1;
				LastSwiftUpdateCheck = 1300;
				LastUpgradeCheck = 1300;
				TargetAttributes = {
					CF4B294826FB74CD00C22B8C = {
						CreatedOnToolsVersion = 13.0;
						LastSwiftMigration = 1300;
					};
					CF4B295026FB74CE00C22B8C = {
						CreatedOnToolsVersion = 13.0;
					};
				};
			};
			buildConfigurationList = CF4B294326FB74CD00C22B8C /* Build configuration list for PBXProject "MXSound" */;
			compatibilityVersion = "Xcode 13.0";
			developmentRegion = en;
			hasScannedForEncodings = 0;
			knownRegions = (
				en,
				Base,
			);
			mainGroup = CF4B293F26FB74CD00C22B8C;
			productRefGroup = CF4B294A26FB74CD00C22B8C /* Products */;
			projectDirPath = "";
			projectRoot = "";
			targets = (
				CF4B294826FB74CD00C22B8C /* MXSound */,
				CF4B295026FB74CE00C22B8C /* MXSoundTests */,
			);
		};
/* End PBXProject section */

/* Begin PBXResourcesBuildPhase section */
		CF4B294726FB74CD00C22B8C /* Resources */ = {
			isa = PBXResourcesBuildPhase;
			buildActionMask = 2147483647;
			files = (
			);
			runOnlyForDeploymentPostprocessing = 0;
		};
		CF4B294F26FB74CE00C22B8C /* Resources */ = {
			isa = PBXResourcesBuildPhase;
			buildActionMask = 2147483647;
			files = (
			);
			runOnlyForDeploymentPostprocessing = 0;
		};
/* End PBXResourcesBuildPhase section */

/* Begin PBXSourcesBuildPhase section */
		CF4B294526FB74CD00C22B8C /* Sources */ = {
			isa = PBXSourcesBuildPhase;
			buildActionMask = 2147483647;
			files = (
				CF4B296B26FB74D800C22B8C /* MXSound.swift in Sources */,
			);
			runOnlyForDeploymentPostprocessing = 0;
		};
		CF4B294D26FB74CE00C22B8C /* Sources */ = {
			isa = PBXSourcesBuildPhase;
			buildActionMask = 2147483647;
			files = (
				CF4B295726FB74CE00C22B8C /* MXSoundTests.swift in Sources */,
			);
			runOnlyForDeploymentPostprocessing = 0;
		};
/* End PBXSourcesBuildPhase section */

/* Begin PBXTargetDependency section */
		CF4B295426FB74CE00C22B8C /* PBXTargetDependency */ = {
			isa = PBXTargetDependency;
			target = CF4B294826FB74CD00C22B8C /* MXSound */;
			targetProxy = CF4B295326FB74CE00C22B8C /* PBXContainerItemProxy */;
		};
/* End PBXTargetDependency section */

/* Begin XCBuildConfiguration section */
		CF4B295926FB74CE00C22B8C /* Debug */ = {
			isa = XCBuildConfiguration;
			buildSettings = {
				ALWAYS_SEARCH_USER_PATHS = NO;
				CLANG_ANALYZER_NONNULL = YES;
				CLANG_ANALYZER_NUMBER_OBJECT_CONVERSION = YES_AGGRESSIVE;
				CLANG_CXX_LANGUAGE_STANDARD = "gnu++17";
				CLANG_CXX_LIBRARY = "libc++";
				CLANG_ENABLE_MODULES = YES;
				CLANG_ENABLE_OBJC_ARC = YES;
				CLANG_ENABLE_OBJC_WEAK = YES;
				CLANG_WARN_BLOCK_CAPTURE_AUTORELEASING = YES;
				CLANG_WARN_BOOL_CONVERSION = YES;
				CLANG_WARN_COMMA = YES;
				CLANG_WARN_CONSTANT_CONVERSION = YES;
				CLANG_WARN_DEPRECATED_OBJC_IMPLEMENTATIONS = YES;
				CLANG_WARN_DIRECT_OBJC_ISA_USAGE = YES_ERROR;
				CLANG_WARN_DOCUMENTATION_COMMENTS = YES;
				CLANG_WARN_EMPTY_BODY = YES;
				CLANG_WARN_ENUM_CONVERSION = YES;
				CLANG_WARN_INFINITE_RECURSION = YES;
				CLANG_WARN_INT_CONVERSION = YES;
				CLANG_WARN_NON_LITERAL_NULL_CONVERSION = YES;
				CLANG_WARN_OBJC_IMPLICIT_RETAIN_SELF = YES;
				CLANG_WARN_OBJC_LITERAL_CONVERSION = YES;
				CLANG_WARN_OBJC_ROOT_CLASS = YES_ERROR;
				CLANG_WARN_QUOTED_INCLUDE_IN_FRAMEWORK_HEADER = YES;
				CLANG_WARN_RANGE_LOOP_ANALYSIS = YES;
				CLANG_WARN_STRICT_PROTOTYPES = YES;
				CLANG_WARN_SUSPICIOUS_MOVE = YES;
				CLANG_WARN_UNGUARDED_AVAILABILITY = YES_AGGRESSIVE;
				CLANG_WARN_UNREACHABLE_CODE = YES;
				CLANG_WARN__DUPLICATE_METHOD_MATCH = YES;
				COPY_PHASE_STRIP = NO;
				CURRENT_PROJECT_VERSION = 1;
				DEBUG_INFORMATION_FORMAT = dwarf;
				ENABLE_STRICT_OBJC_MSGSEND = YES;
				ENABLE_TESTABILITY = YES;
				GCC_C_LANGUAGE_STANDARD = gnu11;
				GCC_DYNAMIC_NO_PIC = NO;
				GCC_NO_COMMON_BLOCKS = YES;
				GCC_OPTIMIZATION_LEVEL = 0;
				GCC_PREPROCESSOR_DEFINITIONS = (
					"DEBUG=1",
					"$(inherited)",
				);
				GCC_WARN_64_TO_32_BIT_CONVERSION = YES;
				GCC_WARN_ABOUT_RETURN_TYPE = YES_ERROR;
				GCC_WARN_UNDECLARED_SELECTOR = YES;
				GCC_WARN_UNINITIALIZED_AUTOS = YES_AGGRESSIVE;
				GCC_WARN_UNUSED_FUNCTION = YES;
				GCC_WARN_UNUSED_VARIABLE = YES;
				MACOSX_DEPLOYMENT_TARGET = 11.5;
				MTL_ENABLE_DEBUG_INFO = INCLUDE_SOURCE;
				MTL_FAST_MATH = YES;
				ONLY_ACTIVE_ARCH = YES;
				SDKROOT = macosx;
				SWIFT_ACTIVE_COMPILATION_CONDITIONS = DEBUG;
				SWIFT_OPTIMIZATION_LEVEL = "-Onone";
				VERSIONING_SYSTEM = "apple-generic";
				VERSION_INFO_PREFIX = "";
			};
			name = Debug;
		};
		CF4B295A26FB74CE00C22B8C /* Release */ = {
			isa = XCBuildConfiguration;
			buildSettings = {
				ALWAYS_SEARCH_USER_PATHS = NO;
				CLANG_ANALYZER_NONNULL = YES;
				CLANG_ANALYZER_NUMBER_OBJECT_CONVERSION = YES_AGGRESSIVE;
				CLANG_CXX_LANGUAGE_STANDARD = "gnu++17";
				CLANG_CXX_LIBRARY = "libc++";
				CLANG_ENABLE_MODULES = YES;
				CLANG_ENABLE_OBJC_ARC = YES;
				CLANG_ENABLE_OBJC_WEAK = YES;
				CLANG_WARN_BLOCK_CAPTURE_AUTORELEASING = YES;
				CLANG_WARN_BOOL_CONVERSION = YES;
				CLANG_WARN_COMMA = YES;
				CLANG_WARN_CONSTANT_CONVERSION = YES;
				CLANG_WARN_DEPRECATED_OBJC_IMPLEMENTATIONS = YES;
				CLANG_WARN_DIRECT_OBJC_ISA_USAGE = YES_ERROR;
				CLANG_WARN_DOCUMENTATION_COMMENTS = YES;
				CLANG_WARN_EMPTY_BODY = YES;
				CLANG_WARN_ENUM_CONVERSION = YES;
				CLANG_WARN_INFINITE_RECURSION = YES;
				CLANG_WARN_INT_CONVERSION = YES;
				CLANG_WARN_NON_LITERAL_NULL_CONVERSION = YES;
				CLANG_WARN_OBJC_IMPLICIT_RETAIN_SELF = YES;
				CLANG_WARN_OBJC_LITERAL_CONVERSION = YES;
				CLANG_WARN_OBJC_ROOT_CLASS = YES_ERROR;
				CLANG_WARN_QUOTED_INCLUDE_IN_FRAMEWORK_HEADER = YES;
				CLANG_WARN_RANGE_LOOP_ANALYSIS = YES;
				CLANG_WARN_STRICT_PROTOTYPES = YES;
				CLANG_WARN_SUSPICIOUS_MOVE = YES;
				CLANG_WARN_UNGUARDED_AVAILABILITY = YES_AGGRESSIVE;
				CLANG_WARN_UNREACHABLE_CODE = YES;
				CLANG_WARN__DUPLICATE_METHOD_MATCH = YES;
				COPY_PHASE_STRIP = NO;
				CURRENT_PROJECT_VERSION = 1;
				DEBUG_INFORMATION_FORMAT = "dwarf-with-dsym";
				ENABLE_NS_ASSERTIONS = NO;
				ENABLE_STRICT_OBJC_MSGSEND = YES;
				GCC_C_LANGUAGE_STANDARD = gnu11;
				GCC_NO_COMMON_BLOCKS = YES;
				GCC_WARN_64_TO_32_BIT_CONVERSION = YES;
				GCC_WARN_ABOUT_RETURN_TYPE = YES_ERROR;
				GCC_WARN_UNDECLARED_SELECTOR = YES;
				GCC_WARN_UNINITIALIZED_AUTOS = YES_AGGRESSIVE;
				GCC_WARN_UNUSED_FUNCTION = YES;
				GCC_WARN_UNUSED_VARIABLE = YES;
				MACOSX_DEPLOYMENT_TARGET = 11.5;
				MTL_ENABLE_DEBUG_INFO = NO;
				MTL_FAST_MATH = YES;
				SDKROOT = macosx;
				SWIFT_COMPILATION_MODE = wholemodule;
				SWIFT_OPTIMIZATION_LEVEL = "-O";
				VERSIONING_SYSTEM = "apple-generic";
				VERSION_INFO_PREFIX = "";
			};
			name = Release;
		};
		CF4B295C26FB74CE00C22B8C /* Debug */ = {
			isa = XCBuildConfiguration;
			buildSettings = {
				CLANG_ENABLE_MODULES = YES;
				CODE_SIGN_STYLE = Automatic;
				COMBINE_HIDPI_IMAGES = YES;
				CURRENT_PROJECT_VERSION = 1;
				DEFINES_MODULE = YES;
				DEVELOPMENT_TEAM = B29PGN9AG4;
				DYLIB_COMPATIBILITY_VERSION = 1;
				DYLIB_CURRENT_VERSION = 1;
				DYLIB_INSTALL_NAME_BASE = "@rpath";
				GENERATE_INFOPLIST_FILE = YES;
				INFOPLIST_KEY_NSHumanReadableCopyright = "";
				INSTALL_PATH = "$(LOCAL_LIBRARY_DIR)/Frameworks";
				LD_RUNPATH_SEARCH_PATHS = (
					"$(inherited)",
					"@executable_path/../Frameworks",
					"@loader_path/Frameworks",
				);
				MARKETING_VERSION = 1.0;
				PRODUCT_BUNDLE_IDENTIFIER = com.ashwin.MXSound;
				PRODUCT_NAME = "$(TARGET_NAME:c99extidentifier)";
				SKIP_INSTALL = YES;
				SWIFT_EMIT_LOC_STRINGS = YES;
				SWIFT_OPTIMIZATION_LEVEL = "-Onone";
				SWIFT_VERSION = 5.0;
			};
			name = Debug;
		};
		CF4B295D26FB74CE00C22B8C /* Release */ = {
			isa = XCBuildConfiguration;
			buildSettings = {
				CLANG_ENABLE_MODULES = YES;
				CODE_SIGN_STYLE = Automatic;
				COMBINE_HIDPI_IMAGES = YES;
				CURRENT_PROJECT_VERSION = 1;
				DEFINES_MODULE = YES;
				DEVELOPMENT_TEAM = B29PGN9AG4;
				DYLIB_COMPATIBILITY_VERSION = 1;
				DYLIB_CURRENT_VERSION = 1;
				DYLIB_INSTALL_NAME_BASE = "@rpath";
				GENERATE_INFOPLIST_FILE = YES;
				INFOPLIST_KEY_NSHumanReadableCopyright = "";
				INSTALL_PATH = "$(LOCAL_LIBRARY_DIR)/Frameworks";
				LD_RUNPATH_SEARCH_PATHS = (
					"$(inherited)",
					"@executable_path/../Frameworks",
					"@loader_path/Frameworks",
				);
				MARKETING_VERSION = 1.0;
				PRODUCT_BUNDLE_IDENTIFIER = com.ashwin.MXSound;
				PRODUCT_NAME = "$(TARGET_NAME:c99extidentifier)";
				SKIP_INSTALL = YES;
				SWIFT_EMIT_LOC_STRINGS = YES;
				SWIFT_VERSION = 5.0;
			};
			name = Release;
		};
		CF4B295F26FB74CE00C22B8C /* Debug */ = {
			isa = XCBuildConfiguration;
			buildSettings = {
				ALWAYS_EMBED_SWIFT_STANDARD_LIBRARIES = YES;
				CODE_SIGN_STYLE = Automatic;
				COMBINE_HIDPI_IMAGES = YES;
				CURRENT_PROJECT_VERSION = 1;
				DEVELOPMENT_TEAM = B29PGN9AG4;
				GENERATE_INFOPLIST_FILE = YES;
				LD_RUNPATH_SEARCH_PATHS = (
					"$(inherited)",
					"@executable_path/../Frameworks",
					"@loader_path/../Frameworks",
				);
				MARKETING_VERSION = 1.0;
				PRODUCT_BUNDLE_IDENTIFIER = com.ashwin.MXSoundTests;
				PRODUCT_NAME = "$(TARGET_NAME)";
				SWIFT_EMIT_LOC_STRINGS = NO;
				SWIFT_VERSION = 5.0;
			};
			name = Debug;
		};
		CF4B296026FB74CE00C22B8C /* Release */ = {
			isa = XCBuildConfiguration;
			buildSettings = {
				ALWAYS_EMBED_SWIFT_STANDARD_LIBRARIES = YES;
				CODE_SIGN_STYLE = Automatic;
				COMBINE_HIDPI_IMAGES = YES;
				CURRENT_PROJECT_VERSION = 1;
				DEVELOPMENT_TEAM = B29PGN9AG4;
				GENERATE_INFOPLIST_FILE = YES;
				LD_RUNPATH_SEARCH_PATHS = (
					"$(inherited)",
					"@executable_path/../Frameworks",
					"@loader_path/../Frameworks",
				);
				MARKETING_VERSION = 1.0;
				PRODUCT_BUNDLE_IDENTIFIER = com.ashwin.MXSoundTests;
				PRODUCT_NAME = "$(TARGET_NAME)";
				SWIFT_EMIT_LOC_STRINGS = NO;
				SWIFT_VERSION = 5.0;
			};
			name = Release;
		};
/* End XCBuildConfiguration section */

/* Begin XCConfigurationList section */
		CF4B294326FB74CD00C22B8C /* Build configuration list for PBXProject "MXSound" */ = {
			isa = XCConfigurationList;
			buildConfigurations = (
				CF4B295926FB74CE00C22B8C /* Debug */,
				CF4B295A26FB74CE00C22B8C /* Release */,
			);
			defaultConfigurationIsVisible = 0;
			defaultConfigurationName = Release;
		};
		CF4B295B26FB74CE00C22B8C /* Build configuration list for PBXNativeTarget "MXSound" */ = {
			isa = XCConfigurationList;
			buildConfigurations = (
				CF4B295C26FB74CE00C22B8C /* Debug */,
				CF4B295D26FB74CE00C22B8C /* Release */,
			);
			defaultConfigurationIsVisible = 0;
			defaultConfigurationName = Release;
		};
		CF4B295E26FB74CE00C22B8C /* Build configuration list for PBXNativeTarget "MXSoundTests" */ = {
			isa = XCConfigurationList;
			buildConfigurations = (
				CF4B295F26FB74CE00C22B8C /* Debug */,
				CF4B296026FB74CE00C22B8C /* Release */,
			);
			defaultConfigurationIsVisible = 0;
			defaultConfigurationName = Release;
		};
/* End XCConfigurationList section */
	};
	rootObject = CF4B294026FB74CD00C22B8C /* Project object */;
}
